PODS:
  - PureLayout (2.0.4)
  - ROSwipenger (0.0.6):
    - PureLayout

DEPENDENCIES:
  - ROSwipenger (from `../`)

EXTERNAL SOURCES:
  ROSwipenger:
    :path: ../

SPEC CHECKSUMS:
  PureLayout: ddf4fedf7e2f5984f972bbd2205dda4fc3418347
  ROSwipenger: c601ceb85782889bb72e68d753ef7eb61dbc2024

COCOAPODS: 0.36.0.rc.1
