PODS:
  - PureLayout (2.0.4)
  - ROSwipenger (0.1.0):
    - PureLayout

DEPENDENCIES:
  - ROSwipenger (from `../`)

EXTERNAL SOURCES:
  ROSwipenger:
    :path: ../

SPEC CHECKSUMS:
  PureLayout: ddf4fedf7e2f5984f972bbd2205dda4fc3418347
  ROSwipenger: 14b5af2ead5c29a108172e38c02c62243b462562

COCOAPODS: 0.35.0
